Microsoft Visual Studio Solution File, Format Version 12.00
# Visual Studio 14
VisualStudioVersion = 14.0.24720.0
MinimumVisualStudioVersion = 10.0.40219.1
Project("{FAE04EC0-301F-11D3-BF4B-00C04F79EFBC}") = "Assembly-CSharp", "Assembly-CSharp\Assembly-CSharp.csproj", "{1839BE8A-62CC-4FE1-A442-70A88D487EF0}"
EndProject
Project("{FAE04EC0-301F-11D3-BF4B-00C04F79EFBC}") = "Assembly-CSharp-firstpass", "Assembly-CSharp-firstpass\Assembly-CSharp-firstpass.csproj", "{03B8783E-FF29-408B-91DE-53CCFFCA87B1}"
EndProject
Global
	GlobalSection(SolutionConfigurationPlatforms) = preSolution
		Debug|AnyCPU = Debug|AnyCPU
		Release|AnyCPU = Release|AnyCPU
	EndGlobalSection
	GlobalSection(ProjectConfigurationPlatforms) = postSolution
		{1839BE8A-62CC-4FE1-A442-70A88D487EF0}.Debug|AnyCPU.ActiveCfg = Debug|AnyCPU
		{1839BE8A-62CC-4FE1-A442-70A88D487EF0}.Debug|AnyCPU.Build.0 = Debug|AnyCPU
		{1839BE8A-62CC-4FE1-A442-70A88D487EF0}.Release|AnyCPU.ActiveCfg = Release|AnyCPU
		{1839BE8A-62CC-4FE1-A442-70A88D487EF0}.Release|AnyCPU.Build.0 = Release|AnyCPU
		{03B8783E-FF29-408B-91DE-53CCFFCA87B1}.Debug|AnyCPU.ActiveCfg = Debug|AnyCPU
		{03B8783E-FF29-408B-91DE-53CCFFCA87B1}.Debug|AnyCPU.Build.0 = Debug|AnyCPU
		{03B8783E-FF29-408B-91DE-53CCFFCA87B1}.Release|AnyCPU.ActiveCfg = Release|AnyCPU
		{03B8783E-FF29-408B-91DE-53CCFFCA87B1}.Release|AnyCPU.Build.0 = Release|AnyCPU
	EndGlobalSection
	GlobalSection(SolutionProperties) = preSolution
		HideSolutionNode = FALSE
	EndGlobalSection
EndGlobal
